// !$*UTF8*$!
{
	archiveVersion = 1;
	classes = {
	};
	objectVersion = 50;
	objects = {

/* Begin PBXBuildFile section */
		4D2FF2392440545E003AEC37 /* AppDelegate.m in Sources */ = {isa = PBXBuildFile; fileRef = 4D2FF2382440545E003AEC37 /* AppDelegate.m */; };
		4D2FF23C2440545E003AEC37 /* SceneDelegate.m in Sources */ = {isa = PBXBuildFile; fileRef = 4D2FF23B2440545E003AEC37 /* SceneDelegate.m */; };
		4D2FF23F2440545E003AEC37 /* ViewController.m in Sources */ = {isa = PBXBuildFile; fileRef = 4D2FF23E2440545E003AEC37 /* ViewController.m */; };
		4D2FF2422440545E003AEC37 /* Main.storyboard in Resources */ = {isa = PBXBuildFile; fileRef = 4D2FF2402440545E003AEC37 /* Main.storyboard */; };
		4D2FF2442440545F003AEC37 /* Assets.xcassets in Resources */ = {isa = PBXBuildFile; fileRef = 4D2FF2432440545F003AEC37 /* Assets.xcassets */; };
		4D2FF2472440545F003AEC37 /* LaunchScreen.storyboard in Resources */ = {isa = PBXBuildFile; fileRef = 4D2FF2452440545F003AEC37 /* LaunchScreen.storyboard */; };
		4D2FF24A2440545F003AEC37 /* main.m in Sources */ = {isa = PBXBuildFile; fileRef = 4D2FF2492440545F003AEC37 /* main.m */; };
		4D49CAB824499CA4004203EA /* SSELib.framework in Frameworks */ = {isa = PBXBuildFile; fileRef = 4D49CAB724499CA4004203EA /* SSELib.framework */; };
		4D49CAB924499CA4004203EA /* SSELib.framework in Embed Frameworks */ = {isa = PBXBuildFile; fileRef = 4D49CAB724499CA4004203EA /* SSELib.framework */; settings = {ATTRIBUTES = (CodeSignOnCopy, RemoveHeadersOnCopy, ); }; };
		4D7CC1C42440654A0001864A /* 22.jpg in Resources */ = {isa = PBXBuildFile; fileRef = 4D7CC1C32440654A0001864A /* 22.jpg */; };
/* End PBXBuildFile section */

/* Begin PBXCopyFilesBuildPhase section */
		4D2FF29724405B6F003AEC37 /* Embed Frameworks */ = {
			isa = PBXCopyFilesBuildPhase;
			buildActionMask = 2147483647;
			dstPath = "";
			dstSubfolderSpec = 10;
			files = (
				4D49CAB924499CA4004203EA /* SSELib.framework in Embed Frameworks */,
			);
			name = "Embed Frameworks";
			runOnlyForDeploymentPostprocessing = 0;
		};
/* End PBXCopyFilesBuildPhase section */

/* Begin PBXFileReference section */
		4D2FF2342440545E003AEC37 /* sselibtest.app */ = {isa = PBXFileReference; explicitFileType = wrapper.application; includeInIndex = 0; path = sselibtest.app; sourceTree = BUILT_PRODUCTS_DIR; };
		4D2FF2372440545E003AEC37 /* AppDelegate.h */ = {isa = PBXFileReference; lastKnownFileType = sourcecode.c.h; path = AppDelegate.h; sourceTree = "<group>"; };
		4D2FF2382440545E003AEC37 /* AppDelegate.m */ = {isa = PBXFileReference; lastKnownFileType = sourcecode.c.objc; path = AppDelegate.m; sourceTree = "<group>"; };
		4D2FF23A2440545E003AEC37 /* SceneDelegate.h */ = {isa = PBXFileReference; lastKnownFileType = sourcecode.c.h; path = SceneDelegate.h; sourceTree = "<group>"; };
		4D2FF23B2440545E003AEC37 /* SceneDelegate.m */ = {isa = PBXFileReference; lastKnownFileType = sourcecode.c.objc; path = SceneDelegate.m; sourceTree = "<group>"; };
		4D2FF23D2440545E003AEC37 /* ViewController.h */ = {isa = PBXFileReference; lastKnownFileType = sourcecode.c.h; path = ViewController.h; sourceTree = "<group>"; };
		4D2FF23E2440545E003AEC37 /* ViewController.m */ = {isa = PBXFileReference; lastKnownFileType = sourcecode.c.objc; path = ViewController.m; sourceTree = "<group>"; };
		4D2FF2412440545E003AEC37 /* Base */ = {isa = PBXFileReference; lastKnownFileType = file.storyboard; name = Base; path = Base.lproj/Main.storyboard; sourceTree = "<group>"; };
		4D2FF2432440545F003AEC37 /* Assets.xcassets */ = {isa = PBXFileReference; lastKnownFileType = folder.assetcatalog; path = Assets.xcassets; sourceTree = "<group>"; };
		4D2FF2462440545F003AEC37 /* Base */ = {isa = PBXFileReference; lastKnownFileType = file.storyboard; name = Base; path = Base.lproj/LaunchScreen.storyboard; sourceTree = "<group>"; };
		4D2FF2482440545F003AEC37 /* Info.plist */ = {isa = PBXFileReference; lastKnownFileType = text.plist.xml; path = Info.plist; sourceTree = "<group>"; };
		4D2FF2492440545F003AEC37 /* main.m */ = {isa = PBXFileReference; lastKnownFileType = sourcecode.c.objc; path = main.m; sourceTree = "<group>"; };
		4D49CAB724499CA4004203EA /* SSELib.framework */ = {isa = PBXFileReference; lastKnownFileType = wrapper.framework; path = SSELib.framework; sourceTree = "<group>"; };
		4D7CC1C32440654A0001864A /* 22.jpg */ = {isa = PBXFileReference; lastKnownFileType = image.jpeg; path = 22.jpg; sourceTree = "<group>"; };
/* End PBXFileReference section */

/* Begin PBXFrameworksBuildPhase section */
		4D2FF2312440545E003AEC37 /* Frameworks */ = {
			isa = PBXFrameworksBuildPhase;
			buildActionMask = 2147483647;
			files = (
				4D49CAB824499CA4004203EA /* SSELib.framework in Frameworks */,
			);
			runOnlyForDeploymentPostprocessing = 0;
		};
/* End PBXFrameworksBuildPhase section */

/* Begin PBXGroup section */
		4D2FF22B2440545E003AEC37 = {
			isa = PBXGroup;
			children = (
				4D2FF2362440545E003AEC37 /* sselibtest */,
				4D2FF2352440545E003AEC37 /* Products */,
				4D2FF250244054AA003AEC37 /* Frameworks */,
			);
			sourceTree = "<group>";
		};
		4D2FF2352440545E003AEC37 /* Products */ = {
			isa = PBXGroup;
			children = (
				4D2FF2342440545E003AEC37 /* sselibtest.app */,
			);
			name = Products;
			sourceTree = "<group>";
		};
		4D2FF2362440545E003AEC37 /* sselibtest */ = {
			isa = PBXGroup;
			children = (
				4D7CC1C32440654A0001864A /* 22.jpg */,
				4D2FF2372440545E003AEC37 /* AppDelegate.h */,
				4D2FF2382440545E003AEC37 /* AppDelegate.m */,
				4D2FF23A2440545E003AEC37 /* SceneDelegate.h */,
				4D2FF23B2440545E003AEC37 /* SceneDelegate.m */,
				4D2FF23D2440545E003AEC37 /* ViewController.h */,
				4D2FF23E2440545E003AEC37 /* ViewController.m */,
				4D2FF2402440545E003AEC37 /* Main.storyboard */,
				4D2FF2432440545F003AEC37 /* Assets.xcassets */,
				4D2FF2452440545F003AEC37 /* LaunchScreen.storyboard */,
				4D2FF2482440545F003AEC37 /* Info.plist */,
				4D2FF2492440545F003AEC37 /* main.m */,
			);
			path = sselibtest;
			sourceTree = "<group>";
		};
		4D2FF250244054AA003AEC37 /* Frameworks */ = {
			isa = PBXGroup;
			children = (
				4D49CAB724499CA4004203EA /* SSELib.framework */,
			);
			name = Frameworks;
			sourceTree = "<group>";
		};
/* End PBXGroup section */

/* Begin PBXNativeTarget section */
		4D2FF2332440545E003AEC37 /* sselibtest */ = {
			isa = PBXNativeTarget;
			buildConfigurationList = 4D2FF24D2440545F003AEC37 /* Build configuration list for PBXNativeTarget "sselibtest" */;
			buildPhases = (
				4D2FF2302440545E003AEC37 /* Sources */,
				4D2FF2312440545E003AEC37 /* Frameworks */,
				4D2FF2322440545E003AEC37 /* Resources */,
				4D2FF29724405B6F003AEC37 /* Embed Frameworks */,
			);
			buildRules = (
			);
			dependencies = (
			);
			name = sselibtest;
			productName = sselibtest;
			productReference = 4D2FF2342440545E003AEC37 /* sselibtest.app */;
			productType = "com.apple.product-type.application";
		};
/* End PBXNativeTarget section */

/* Begin PBXProject section */
		4D2FF22C2440545E003AEC37 /* Project object */ = {
			isa = PBXProject;
			attributes = {
				LastUpgradeCheck = 1130;
				ORGANIZATIONNAME = swaiot;
				TargetAttributes = {
					4D2FF2332440545E003AEC37 = {
						CreatedOnToolsVersion = 11.3.1;
					};
				};
			};
			buildConfigurationList = 4D2FF22F2440545E003AEC37 /* Build configuration list for PBXProject "sselibtest" */;
			compatibilityVersion = "Xcode 9.3";
			developmentRegion = en;
			hasScannedForEncodings = 0;
			knownRegions = (
				en,
				Base,
			);
			mainGroup = 4D2FF22B2440545E003AEC37;
			productRefGroup = 4D2FF2352440545E003AEC37 /* Products */;
			projectDirPath = "";
			projectRoot = "";
			targets = (
				4D2FF2332440545E003AEC37 /* sselibtest */,
			);
		};
/* End PBXProject section */

/* Begin PBXResourcesBuildPhase section */
		4D2FF2322440545E003AEC37 /* Resources */ = {
			isa = PBXResourcesBuildPhase;
			buildActionMask = 2147483647;
			files = (
				4D2FF2472440545F003AEC37 /* LaunchScreen.storyboard in Resources */,
				4D7CC1C42440654A0001864A /* 22.jpg in Resources */,
				4D2FF2442440545F003AEC37 /* Assets.xcassets in Resources */,
				4D2FF2422440545E003AEC37 /* Main.storyboard in Resources */,
			);
			runOnlyForDeploymentPostprocessing = 0;
		};
/* End PBXResourcesBuildPhase section */

/* Begin PBXSourcesBuildPhase section */
		4D2FF2302440545E003AEC37 /* Sources */ = {
			isa = PBXSourcesBuildPhase;
			buildActionMask = 2147483647;
			files = (
				4D2FF23F2440545E003AEC37 /* ViewController.m in Sources */,
				4D2FF2392440545E003AEC37 /* AppDelegate.m in Sources */,
				4D2FF24A2440545F003AEC37 /* main.m in Sources */,
				4D2FF23C2440545E003AEC37 /* SceneDelegate.m in Sources */,
			);
			runOnlyForDeploymentPostprocessing = 0;
		};
/* End PBXSourcesBuildPhase section */

/* Begin PBXVariantGroup section */
		4D2FF2402440545E003AEC37 /* Main.storyboard */ = {
			isa = PBXVariantGroup;
			children = (
				4D2FF2412440545E003AEC37 /* Base */,
			);
			name = Main.storyboard;
			sourceTree = "<group>";
		};
		4D2FF2452440545F003AEC37 /* LaunchScreen.storyboard */ = {
			isa = PBXVariantGroup;
			children = (
				4D2FF2462440545F003AEC37 /* Base */,
			);
			name = LaunchScreen.storyboard;
			sourceTree = "<group>";
		};
/* End PBXVariantGroup section */

/* Begin XCBuildConfiguration section */
		4D2FF24B2440545F003AEC37 /* Debug */ = {
			isa = XCBuildConfiguration;
			buildSettings = {
				ALWAYS_SEARCH_USER_PATHS = NO;
				CLANG_ANALYZER_NONNULL = YES;
				CLANG_ANALYZER_NUMBER_OBJECT_CONVERSION = YES_AGGRESSIVE;
				CLANG_CXX_LANGUAGE_STANDARD = "gnu++14";
				CLANG_CXX_LIBRARY = "libc++";
				CLANG_ENABLE_MODULES = YES;
				CLANG_ENABLE_OBJC_ARC = YES;
				CLANG_ENABLE_OBJC_WEAK = YES;
				CLANG_WARN_BLOCK_CAPTURE_AUTORELEASING = YES;
				CLANG_WARN_BOOL_CONVERSION = YES;
				CLANG_WARN_COMMA = YES;
				CLANG_WARN_CONSTANT_CONVERSION = YES;
				CLANG_WARN_DEPRECATED_OBJC_IMPLEMENTATIONS = YES;
				CLANG_WARN_DIRECT_OBJC_ISA_USAGE = YES_ERROR;
				CLANG_WARN_DOCUMENTATION_COMMENTS = YES;
				CLANG_WARN_EMPTY_BODY = YES;
				CLANG_WARN_ENUM_CONVERSION = YES;
				CLANG_WARN_INFINITE_RECURSION = YES;
				CLANG_WARN_INT_CONVERSION = YES;
				CLANG_WARN_NON_LITERAL_NULL_CONVERSION = YES;
				CLANG_WARN_OBJC_IMPLICIT_RETAIN_SELF = YES;
				CLANG_WARN_OBJC_LITERAL_CONVERSION = YES;
				CLANG_WARN_OBJC_ROOT_CLASS = YES_ERROR;
				CLANG_WARN_RANGE_LOOP_ANALYSIS = YES;
				CLANG_WARN_STRICT_PROTOTYPES = YES;
				CLANG_WARN_SUSPICIOUS_MOVE = YES;
				CLANG_WARN_UNGUARDED_AVAILABILITY = YES_AGGRESSIVE;
				CLANG_WARN_UNREACHABLE_CODE = YES;
				CLANG_WARN__DUPLICATE_METHOD_MATCH = YES;
				COPY_PHASE_STRIP = NO;
				DEBUG_INFORMATION_FORMAT = dwarf;
				ENABLE_STRICT_OBJC_MSGSEND = YES;
				ENABLE_TESTABILITY = YES;
				GCC_C_LANGUAGE_STANDARD = gnu11;
				GCC_DYNAMIC_NO_PIC = NO;
				GCC_NO_COMMON_BLOCKS = YES;
				GCC_OPTIMIZATION_LEVEL = 0;
				GCC_PREPROCESSOR_DEFINITIONS = (
					"DEBUG=1",
					"$(inherited)",
				);
				GCC_WARN_64_TO_32_BIT_CONVERSION = YES;
				GCC_WARN_ABOUT_RETURN_TYPE = YES_ERROR;
				GCC_WARN_UNDECLARED_SELECTOR = YES;
				GCC_WARN_UNINITIALIZED_AUTOS = YES_AGGRESSIVE;
				GCC_WARN_UNUSED_FUNCTION = YES;
				GCC_WARN_UNUSED_VARIABLE = YES;
				HEADER_SEARCH_PATHS = "";
				IPHONEOS_DEPLOYMENT_TARGET = 13.2;
				MTL_ENABLE_DEBUG_INFO = INCLUDE_SOURCE;
				MTL_FAST_MATH = YES;
				ONLY_ACTIVE_ARCH = YES;
				SDKROOT = iphoneos;
			};
			name = Debug;
		};
		4D2FF24C2440545F003AEC37 /* Release */ = {
			isa = XCBuildConfiguration;
			buildSettings = {
				ALWAYS_SEARCH_USER_PATHS = NO;
				CLANG_ANALYZER_NONNULL = YES;
				CLANG_ANALYZER_NUMBER_OBJECT_CONVERSION = YES_AGGRESSIVE;
				CLANG_CXX_LANGUAGE_STANDARD = "gnu++14";
				CLANG_CXX_LIBRARY = "libc++";
				CLANG_ENABLE_MODULES = YES;
				CLANG_ENABLE_OBJC_ARC = YES;
				CLANG_ENABLE_OBJC_WEAK = YES;
				CLANG_WARN_BLOCK_CAPTURE_AUTORELEASING = YES;
				CLANG_WARN_BOOL_CONVERSION = YES;
				CLANG_WARN_COMMA = YES;
				CLANG_WARN_CONSTANT_CONVERSION = YES;
				CLANG_WARN_DEPRECATED_OBJC_IMPLEMENTATIONS = YES;
				CLANG_WARN_DIRECT_OBJC_ISA_USAGE = YES_ERROR;
				CLANG_WARN_DOCUMENTATION_COMMENTS = YES;
				CLANG_WARN_EMPTY_BODY = YES;
				CLANG_WARN_ENUM_CONVERSION = YES;
				CLANG_WARN_INFINITE_RECURSION = YES;
				CLANG_WARN_INT_CONVERSION = YES;
				CLANG_WARN_NON_LITERAL_NULL_CONVERSION = YES;
				CLANG_WARN_OBJC_IMPLICIT_RETAIN_SELF = YES;
				CLANG_WARN_OBJC_LITERAL_CONVERSION = YES;
				CLANG_WARN_OBJC_ROOT_CLASS = YES_ERROR;
				CLANG_WARN_RANGE_LOOP_ANALYSIS = YES;
				CLANG_WARN_STRICT_PROTOTYPES = YES;
				CLANG_WARN_SUSPICIOUS_MOVE = YES;
				CLANG_WARN_UNGUARDED_AVAILABILITY = YES_AGGRESSIVE;
				CLANG_WARN_UNREACHABLE_CODE = YES;
				CLANG_WARN__DUPLICATE_METHOD_MATCH = YES;
				COPY_PHASE_STRIP = NO;
				DEBUG_INFORMATION_FORMAT = "dwarf-with-dsym";
				ENABLE_NS_ASSERTIONS = NO;
				ENABLE_STRICT_OBJC_MSGSEND = YES;
				GCC_C_LANGUAGE_STANDARD = gnu11;
				GCC_NO_COMMON_BLOCKS = YES;
				GCC_WARN_64_TO_32_BIT_CONVERSION = YES;
				GCC_WARN_ABOUT_RETURN_TYPE = YES_ERROR;
				GCC_WARN_UNDECLARED_SELECTOR = YES;
				GCC_WARN_UNINITIALIZED_AUTOS = YES_AGGRESSIVE;
				GCC_WARN_UNUSED_FUNCTION = YES;
				GCC_WARN_UNUSED_VARIABLE = YES;
				HEADER_SEARCH_PATHS = "";
				IPHONEOS_DEPLOYMENT_TARGET = 13.2;
				MTL_ENABLE_DEBUG_INFO = NO;
				MTL_FAST_MATH = YES;
				SDKROOT = iphoneos;
				VALIDATE_PRODUCT = YES;
			};
			name = Release;
		};
		4D2FF24E2440545F003AEC37 /* Debug */ = {
			isa = XCBuildConfiguration;
			buildSettings = {
				ASSETCATALOG_COMPILER_APPICON_NAME = AppIcon;
				CODE_SIGN_STYLE = Automatic;
				DEVELOPMENT_TEAM = 9MPG7BBVN2;
				FRAMEWORK_SEARCH_PATHS = (
					"$(inherited)",
					"$(PROJECT_DIR)",
					"$(PROJECT_DIR)/SSELib.framework/Frameworks",
				);
				INFOPLIST_FILE = sselibtest/Info.plist;
				LD_RUNPATH_SEARCH_PATHS = (
					"$(inherited)",
					"@executable_path/Frameworks",
				);
				OTHER_LDFLAGS = "-lObjC";
				PRODUCT_BUNDLE_IDENTIFIER = com.skyworthiot.sselibtest;
				PRODUCT_NAME = "$(TARGET_NAME)";
				TARGETED_DEVICE_FAMILY = "1,2";
			};
			name = Debug;
		};
		4D2FF24F2440545F003AEC37 /* Release */ = {
			isa = XCBuildConfiguration;
			buildSettings = {
				ASSETCATALOG_COMPILER_APPICON_NAME = AppIcon;
				CODE_SIGN_STYLE = Automatic;
				DEVELOPMENT_TEAM = 9MPG7BBVN2;
				FRAMEWORK_SEARCH_PATHS = (
					"$(inherited)",
					"$(PROJECT_DIR)",
					"$(PROJECT_DIR)/SSELib.framework/Frameworks",
				);
				INFOPLIST_FILE = sselibtest/Info.plist;
				LD_RUNPATH_SEARCH_PATHS = (
					"$(inherited)",
					"@executable_path/Frameworks",
				);
				OTHER_LDFLAGS = "-lObjC";
				PRODUCT_BUNDLE_IDENTIFIER = com.skyworthiot.sselibtest;
				PRODUCT_NAME = "$(TARGET_NAME)";
				TARGETED_DEVICE_FAMILY = "1,2";
			};
			name = Release;
		};
/* End XCBuildConfiguration section */

/* Begin XCConfigurationList section */
		4D2FF22F2440545E003AEC37 /* Build configuration list for PBXProject "sselibtest" */ = {
			isa = XCConfigurationList;
			buildConfigurations = (
				4D2FF24B2440545F003AEC37 /* Debug */,
				4D2FF24C2440545F003AEC37 /* Release */,
			);
			defaultConfigurationIsVisible = 0;
			defaultConfigurationName = Release;
		};
		4D2FF24D2440545F003AEC37 /* Build configuration list for PBXNativeTarget "sselibtest" */ = {
			isa = XCConfigurationList;
			buildConfigurations = (
				4D2FF24E2440545F003AEC37 /* Debug */,
				4D2FF24F2440545F003AEC37 /* Release */,
			);
			defaultConfigurationIsVisible = 0;
			defaultConfigurationName = Release;
		};
/* End XCConfigurationList section */
	};
	rootObject = 4D2FF22C2440545E003AEC37 /* Project object */;
}
