// !$*UTF8*$!
{
	archiveVersion = 1;
	classes = {
	};
	objectVersion = 50;
	objects = {

/* Begin PBXFileReference section */
		4D13398F24406A0600996739 /* .DS_Store */ = {isa = PBXFileReference; lastKnownFileType = file; path = .DS_Store; sourceTree = "<group>"; };
		4D13399024406A0600996739 /* sse.bundle */ = {isa = PBXFileReference; lastKnownFileType = "wrapper.plug-in"; path = sse.bundle; sourceTree = "<group>"; };
		4D13399124406A0600996739 /* Makefile.am */ = {isa = PBXFileReference; lastKnownFileType = text; path = Makefile.am; sourceTree = "<group>"; };
		4D13399224406A0600996739 /* parse-sse.fl */ = {isa = PBXFileReference; lastKnownFileType = text; path = "parse-sse.fl"; sourceTree = "<group>"; };
		4D13399324406A0600996739 /* Headers */ = {isa = PBXFileReference; lastKnownFileType = folder; path = Headers; sourceTree = "<group>"; };
		4D13399424406A0600996739 /* SSELib */ = {isa = PBXFileReference; lastKnownFileType = "compiled.mach-o.dylib"; path = SSELib; sourceTree = "<group>"; };
		4D13399524406A0600996739 /* Frameworks */ = {isa = PBXFileReference; lastKnownFileType = folder; path = Frameworks; sourceTree = "<group>"; };
		4D13399624406A0600996739 /* Modules */ = {isa = PBXFileReference; lastKnownFileType = folder; path = Modules; sourceTree = "<group>"; };
		4D13399724406A0600996739 /* Makefile.in */ = {isa = PBXFileReference; lastKnownFileType = text; path = Makefile.in; sourceTree = "<group>"; };
		4D13399824406A0600996739 /* Info.plist */ = {isa = PBXFileReference; lastKnownFileType = file.bplist; path = Info.plist; sourceTree = "<group>"; };
/* End PBXFileReference section */

/* Begin PBXGroup section */
		4D13398924406A0600996739 = {
			isa = PBXGroup;
			children = (
				4D13398F24406A0600996739 /* .DS_Store */,
				4D13399024406A0600996739 /* sse.bundle */,
				4D13399124406A0600996739 /* Makefile.am */,
				4D13399224406A0600996739 /* parse-sse.fl */,
				4D13399324406A0600996739 /* Headers */,
				4D13399424406A0600996739 /* SSELib */,
				4D13399524406A0600996739 /* Frameworks */,
				4D13399624406A0600996739 /* Modules */,
				4D13399724406A0600996739 /* Makefile.in */,
				4D13399824406A0600996739 /* Info.plist */,
			);
			sourceTree = "<group>";
		};
/* End PBXGroup section */

/* Begin PBXLegacyTarget section */
		4D13398E24406A0600996739 /* SSELib.framework */ = {
			isa = PBXLegacyTarget;
			buildArgumentsString = "$(ACTION)";
			buildConfigurationList = 4D13399924406A0600996739 /* Build configuration list for PBXLegacyTarget "SSELib.framework" */;
			buildPhases = (
			);
			buildToolPath = /usr/bin/make;
			buildWorkingDirectory = "/Users/mark/Library/Developer/Xcode/DerivedData/SSELib-ctpatmuhivjqzrgfjnvpvogyvtib/Build/Products/Release-iphoneos/SSELib.framework";
			dependencies = (
			);
			name = SSELib.framework;
			passBuildSettingsInEnvironment = 1;
			productName = SSELib.framework;
		};
/* End PBXLegacyTarget section */

/* Begin PBXProject section */
		4D13398A24406A0600996739 /* Project object */ = {
			isa = PBXProject;
			attributes = {
			};
			buildConfigurationList = 4D13398D24406A0600996739 /* Build configuration list for PBXProject "SSELib.framework" */;
			compatibilityVersion = "Xcode 9.3";
			developmentRegion = en;
			hasScannedForEncodings = 0;
			knownRegions = (
				en,
				Base,
			);
			mainGroup = 4D13398924406A0600996739;
			projectDirPath = "";
			projectRoot = "";
			targets = (
				4D13398E24406A0600996739 /* SSELib.framework */,
			);
		};
/* End PBXProject section */

/* Begin XCBuildConfiguration section */
		4D13398B24406A0600996739 /* Debug */ = {
			isa = XCBuildConfiguration;
			buildSettings = {
				ARCHS = "$(ARCHS_STANDARD_32_BIT)";
				COPY_PHASE_STRIP = NO;
				GCC_WARN_ABOUT_RETURN_TYPE = YES;
				GCC_WARN_UNUSED_VARIABLE = YES;
				ONLY_ACTIVE_ARCH = YES;
				SDKROOT = macosx10.6;
			};
			name = Debug;
		};
		4D13398C24406A0600996739 /* Release */ = {
			isa = XCBuildConfiguration;
			buildSettings = {
				ARCHS = "$(ARCHS_STANDARD_32_BIT)";
				COPY_PHASE_STRIP = YES;
				GCC_WARN_ABOUT_RETURN_TYPE = YES;
				GCC_WARN_UNUSED_VARIABLE = YES;
				SDKROOT = macosx10.6;
			};
			name = Release;
		};
		4D13399A24406A0600996739 /* Debug */ = {
			isa = XCBuildConfiguration;
			buildSettings = {
				COPY_PHASE_STRIP = NO;
				DEBUGGING_SYMBOLS = YES;
				GCC_DYNAMIC_NO_PIC = NO;
				GCC_ENABLE_FIX_AND_CONTINUE = YES;
				GCC_GENERATE_DEBUGGING_SYMBOLS = YES;
				GCC_OPTIMIZATION_LEVEL = 0;
				OTHER_CFLAGS = "";
				OTHER_LDFLAGS = "";
				PRODUCT_NAME = SSELib.framework;
			};
			name = Debug;
		};
		4D13399B24406A0600996739 /* Release */ = {
			isa = XCBuildConfiguration;
			buildSettings = {
				COPY_PHASE_STRIP = YES;
				DEBUG_INFORMATION_FORMAT = "dwarf-with-dsym";
				GCC_ENABLE_FIX_AND_CONTINUE = NO;
				OTHER_CFLAGS = "";
				OTHER_LDFLAGS = "";
				PRODUCT_NAME = SSELib.framework;
			};
			name = Release;
		};
/* End XCBuildConfiguration section */

/* Begin XCConfigurationList section */
		4D13398D24406A0600996739 /* Build configuration list for PBXProject "SSELib.framework" */ = {
			isa = XCConfigurationList;
			buildConfigurations = (
				4D13398B24406A0600996739 /* Debug */,
				4D13398C24406A0600996739 /* Release */,
			);
			defaultConfigurationIsVisible = 0;
			defaultConfigurationName = Release;
		};
		4D13399924406A0600996739 /* Build configuration list for PBXLegacyTarget "SSELib.framework" */ = {
			isa = XCConfigurationList;
			buildConfigurations = (
				4D13399A24406A0600996739 /* Debug */,
				4D13399B24406A0600996739 /* Release */,
			);
			defaultConfigurationIsVisible = 0;
			defaultConfigurationName = Release;
		};
/* End XCConfigurationList section */
	};
	rootObject = 4D13398A24406A0600996739 /* Project object */;
}
