// !$*UTF8*$!
{
	archiveVersion = 1;
	classes = {
	};
	objectVersion = 50;
	objects = {

/* Begin PBXFileReference section */
		4D2FF2622440554F003AEC37 /* .DS_Store */ = {isa = PBXFileReference; lastKnownFileType = file; path = .DS_Store; sourceTree = "<group>"; };
		4D2FF2632440554F003AEC37 /* sse.bundle */ = {isa = PBXFileReference; lastKnownFileType = "wrapper.plug-in"; path = sse.bundle; sourceTree = "<group>"; };
		4D2FF2642440554F003AEC37 /* Makefile.am */ = {isa = PBXFileReference; lastKnownFileType = text; path = Makefile.am; sourceTree = "<group>"; };
		4D2FF2652440554F003AEC37 /* parse-sse.fl */ = {isa = PBXFileReference; lastKnownFileType = text; path = "parse-sse.fl"; sourceTree = "<group>"; };
		4D2FF2662440554F003AEC37 /* Headers */ = {isa = PBXFileReference; lastKnownFileType = folder; path = Headers; sourceTree = "<group>"; };
		4D2FF2672440554F003AEC37 /* SSELib */ = {isa = PBXFileReference; lastKnownFileType = "compiled.mach-o.dylib"; path = SSELib; sourceTree = "<group>"; };
		4D2FF2682440554F003AEC37 /* Frameworks */ = {isa = PBXFileReference; lastKnownFileType = folder; path = Frameworks; sourceTree = "<group>"; };
		4D2FF2692440554F003AEC37 /* Modules */ = {isa = PBXFileReference; lastKnownFileType = folder; path = Modules; sourceTree = "<group>"; };
		4D2FF26A2440554F003AEC37 /* Makefile.in */ = {isa = PBXFileReference; lastKnownFileType = text; path = Makefile.in; sourceTree = "<group>"; };
		4D2FF26B2440554F003AEC37 /* Info.plist */ = {isa = PBXFileReference; lastKnownFileType = file.bplist; path = Info.plist; sourceTree = "<group>"; };
/* End PBXFileReference section */

/* Begin PBXGroup section */
		4D2FF25C2440554F003AEC37 = {
			isa = PBXGroup;
			children = (
				4D2FF2622440554F003AEC37 /* .DS_Store */,
				4D2FF2632440554F003AEC37 /* sse.bundle */,
				4D2FF2642440554F003AEC37 /* Makefile.am */,
				4D2FF2652440554F003AEC37 /* parse-sse.fl */,
				4D2FF2662440554F003AEC37 /* Headers */,
				4D2FF2672440554F003AEC37 /* SSELib */,
				4D2FF2682440554F003AEC37 /* Frameworks */,
				4D2FF2692440554F003AEC37 /* Modules */,
				4D2FF26A2440554F003AEC37 /* Makefile.in */,
				4D2FF26B2440554F003AEC37 /* Info.plist */,
			);
			sourceTree = "<group>";
		};
/* End PBXGroup section */

/* Begin PBXLegacyTarget section */
		4D2FF2612440554F003AEC37 /* SSELib.framework */ = {
			isa = PBXLegacyTarget;
			buildArgumentsString = "$(ACTION)";
			buildConfigurationList = 4D2FF26C2440554F003AEC37 /* Build configuration list for PBXLegacyTarget "SSELib.framework" */;
			buildPhases = (
			);
			buildToolPath = /usr/bin/make;
			buildWorkingDirectory = "/Users/mark/Library/Developer/Xcode/DerivedData/SSELib-ctpatmuhivjqzrgfjnvpvogyvtib/Build/Products/Release-iphoneos/SSELib.framework";
			dependencies = (
			);
			name = SSELib.framework;
			passBuildSettingsInEnvironment = 1;
			productName = SSELib.framework;
		};
/* End PBXLegacyTarget section */

/* Begin PBXProject section */
		4D2FF25D2440554F003AEC37 /* Project object */ = {
			isa = PBXProject;
			attributes = {
			};
			buildConfigurationList = 4D2FF2602440554F003AEC37 /* Build configuration list for PBXProject "SSELib.framework" */;
			compatibilityVersion = "Xcode 9.3";
			developmentRegion = en;
			hasScannedForEncodings = 0;
			knownRegions = (
				en,
				Base,
			);
			mainGroup = 4D2FF25C2440554F003AEC37;
			projectDirPath = "";
			projectRoot = "";
			targets = (
				4D2FF2612440554F003AEC37 /* SSELib.framework */,
			);
		};
/* End PBXProject section */

/* Begin XCBuildConfiguration section */
		4D2FF25E2440554F003AEC37 /* Debug */ = {
			isa = XCBuildConfiguration;
			buildSettings = {
				ARCHS = "$(ARCHS_STANDARD_32_BIT)";
				COPY_PHASE_STRIP = NO;
				GCC_WARN_ABOUT_RETURN_TYPE = YES;
				GCC_WARN_UNUSED_VARIABLE = YES;
				ONLY_ACTIVE_ARCH = YES;
				SDKROOT = macosx10.6;
			};
			name = Debug;
		};
		4D2FF25F2440554F003AEC37 /* Release */ = {
			isa = XCBuildConfiguration;
			buildSettings = {
				ARCHS = "$(ARCHS_STANDARD_32_BIT)";
				COPY_PHASE_STRIP = YES;
				GCC_WARN_ABOUT_RETURN_TYPE = YES;
				GCC_WARN_UNUSED_VARIABLE = YES;
				SDKROOT = macosx10.6;
			};
			name = Release;
		};
		4D2FF26D2440554F003AEC37 /* Debug */ = {
			isa = XCBuildConfiguration;
			buildSettings = {
				COPY_PHASE_STRIP = NO;
				DEBUGGING_SYMBOLS = YES;
				GCC_DYNAMIC_NO_PIC = NO;
				GCC_ENABLE_FIX_AND_CONTINUE = YES;
				GCC_GENERATE_DEBUGGING_SYMBOLS = YES;
				GCC_OPTIMIZATION_LEVEL = 0;
				OTHER_CFLAGS = "";
				OTHER_LDFLAGS = "";
				PRODUCT_NAME = SSELib.framework;
			};
			name = Debug;
		};
		4D2FF26E2440554F003AEC37 /* Release */ = {
			isa = XCBuildConfiguration;
			buildSettings = {
				COPY_PHASE_STRIP = YES;
				DEBUG_INFORMATION_FORMAT = "dwarf-with-dsym";
				GCC_ENABLE_FIX_AND_CONTINUE = NO;
				OTHER_CFLAGS = "";
				OTHER_LDFLAGS = "";
				PRODUCT_NAME = SSELib.framework;
			};
			name = Release;
		};
/* End XCBuildConfiguration section */

/* Begin XCConfigurationList section */
		4D2FF2602440554F003AEC37 /* Build configuration list for PBXProject "SSELib.framework" */ = {
			isa = XCConfigurationList;
			buildConfigurations = (
				4D2FF25E2440554F003AEC37 /* Debug */,
				4D2FF25F2440554F003AEC37 /* Release */,
			);
			defaultConfigurationIsVisible = 0;
			defaultConfigurationName = Release;
		};
		4D2FF26C2440554F003AEC37 /* Build configuration list for PBXLegacyTarget "SSELib.framework" */ = {
			isa = XCConfigurationList;
			buildConfigurations = (
				4D2FF26D2440554F003AEC37 /* Debug */,
				4D2FF26E2440554F003AEC37 /* Release */,
			);
			defaultConfigurationIsVisible = 0;
			defaultConfigurationName = Release;
		};
/* End XCConfigurationList section */
	};
	rootObject = 4D2FF25D2440554F003AEC37 /* Project object */;
}
