// !$*UTF8*$!
{
	archiveVersion = 1;
	classes = {
	};
	objectVersion = 50;
	objects = {

/* Begin PBXFileReference section */
		4D49CAA324499BEF004203EA /* .DS_Store */ = {isa = PBXFileReference; lastKnownFileType = file; path = .DS_Store; sourceTree = "<group>"; };
		4D49CAA424499BEF004203EA /* sse.bundle */ = {isa = PBXFileReference; lastKnownFileType = "wrapper.plug-in"; path = sse.bundle; sourceTree = "<group>"; };
		4D49CAA524499BEF004203EA /* Makefile.am */ = {isa = PBXFileReference; lastKnownFileType = text; path = Makefile.am; sourceTree = "<group>"; };
		4D49CAA624499BEF004203EA /* parse-sse.fl */ = {isa = PBXFileReference; lastKnownFileType = text; path = "parse-sse.fl"; sourceTree = "<group>"; };
		4D49CAA724499BEF004203EA /* Headers */ = {isa = PBXFileReference; lastKnownFileType = folder; path = Headers; sourceTree = "<group>"; };
		4D49CAA824499BEF004203EA /* SSELib */ = {isa = PBXFileReference; lastKnownFileType = "compiled.mach-o.dylib"; path = SSELib; sourceTree = "<group>"; };
		4D49CAA924499BEF004203EA /* .lipo */ = {isa = PBXFileReference; lastKnownFileType = "compiled.mach-o.dylib"; path = .lipo; sourceTree = "<group>"; };
		4D49CAAA24499BEF004203EA /* Frameworks */ = {isa = PBXFileReference; lastKnownFileType = folder; path = Frameworks; sourceTree = "<group>"; };
		4D49CAAB24499BEF004203EA /* Modules */ = {isa = PBXFileReference; lastKnownFileType = folder; path = Modules; sourceTree = "<group>"; };
		4D49CAAC24499BEF004203EA /* SSELib.framework.xcodeproj */ = {isa = PBXFileReference; lastKnownFileType = "wrapper.pb-project"; path = SSELib.framework.xcodeproj; sourceTree = "<group>"; };
		4D49CAAF24499BEF004203EA /* Makefile.in */ = {isa = PBXFileReference; lastKnownFileType = text; path = Makefile.in; sourceTree = "<group>"; };
		4D49CAB024499BEF004203EA /* Info.plist */ = {isa = PBXFileReference; lastKnownFileType = file.bplist; path = Info.plist; sourceTree = "<group>"; };
/* End PBXFileReference section */

/* Begin PBXGroup section */
		4D49CA9D24499BEF004203EA = {
			isa = PBXGroup;
			children = (
				4D49CAA324499BEF004203EA /* .DS_Store */,
				4D49CAA424499BEF004203EA /* sse.bundle */,
				4D49CAA524499BEF004203EA /* Makefile.am */,
				4D49CAA624499BEF004203EA /* parse-sse.fl */,
				4D49CAA724499BEF004203EA /* Headers */,
				4D49CAA824499BEF004203EA /* SSELib */,
				4D49CAA924499BEF004203EA /* .lipo */,
				4D49CAAA24499BEF004203EA /* Frameworks */,
				4D49CAAB24499BEF004203EA /* Modules */,
				4D49CAAC24499BEF004203EA /* SSELib.framework.xcodeproj */,
				4D49CAAF24499BEF004203EA /* Makefile.in */,
				4D49CAB024499BEF004203EA /* Info.plist */,
			);
			sourceTree = "<group>";
		};
		4D49CAAD24499BEF004203EA /* Products */ = {
			isa = PBXGroup;
			children = (
			);
			name = Products;
			sourceTree = "<group>";
		};
/* End PBXGroup section */

/* Begin PBXLegacyTarget section */
		4D49CAA224499BEF004203EA /* SSELib.framework */ = {
			isa = PBXLegacyTarget;
			buildArgumentsString = "$(ACTION)";
			buildConfigurationList = 4D49CAB224499BEF004203EA /* Build configuration list for PBXLegacyTarget "SSELib.framework" */;
			buildPhases = (
			);
			buildToolPath = /usr/bin/make;
			buildWorkingDirectory = "/Users/mark/SSE-SDK-iOS/sselibtest/SSELib.framework";
			dependencies = (
			);
			name = SSELib.framework;
			passBuildSettingsInEnvironment = 1;
			productName = SSELib.framework;
		};
/* End PBXLegacyTarget section */

/* Begin PBXProject section */
		4D49CA9E24499BEF004203EA /* Project object */ = {
			isa = PBXProject;
			attributes = {
			};
			buildConfigurationList = 4D49CAA124499BEF004203EA /* Build configuration list for PBXProject "SSELib.framework 2" */;
			compatibilityVersion = "Xcode 9.3";
			developmentRegion = en;
			hasScannedForEncodings = 0;
			knownRegions = (
				en,
				Base,
			);
			mainGroup = 4D49CA9D24499BEF004203EA;
			projectDirPath = "";
			projectReferences = (
				{
					ProductGroup = 4D49CAAD24499BEF004203EA /* Products */;
					ProjectRef = 4D49CAAC24499BEF004203EA /* SSELib.framework.xcodeproj */;
				},
			);
			projectRoot = "";
			targets = (
				4D49CAA224499BEF004203EA /* SSELib.framework */,
			);
		};
/* End PBXProject section */

/* Begin XCBuildConfiguration section */
		4D49CA9F24499BEF004203EA /* Debug */ = {
			isa = XCBuildConfiguration;
			buildSettings = {
				ARCHS = "$(ARCHS_STANDARD_32_BIT)";
				COPY_PHASE_STRIP = NO;
				GCC_WARN_ABOUT_RETURN_TYPE = YES;
				GCC_WARN_UNUSED_VARIABLE = YES;
				ONLY_ACTIVE_ARCH = YES;
				SDKROOT = macosx10.6;
			};
			name = Debug;
		};
		4D49CAA024499BEF004203EA /* Release */ = {
			isa = XCBuildConfiguration;
			buildSettings = {
				ARCHS = "$(ARCHS_STANDARD_32_BIT)";
				COPY_PHASE_STRIP = YES;
				GCC_WARN_ABOUT_RETURN_TYPE = YES;
				GCC_WARN_UNUSED_VARIABLE = YES;
				SDKROOT = macosx10.6;
			};
			name = Release;
		};
		4D49CAB324499BEF004203EA /* Debug */ = {
			isa = XCBuildConfiguration;
			buildSettings = {
				COPY_PHASE_STRIP = NO;
				DEBUGGING_SYMBOLS = YES;
				GCC_DYNAMIC_NO_PIC = NO;
				GCC_ENABLE_FIX_AND_CONTINUE = YES;
				GCC_GENERATE_DEBUGGING_SYMBOLS = YES;
				GCC_OPTIMIZATION_LEVEL = 0;
				OTHER_CFLAGS = "";
				OTHER_LDFLAGS = "";
				PRODUCT_NAME = SSELib.framework;
			};
			name = Debug;
		};
		4D49CAB424499BEF004203EA /* Release */ = {
			isa = XCBuildConfiguration;
			buildSettings = {
				COPY_PHASE_STRIP = YES;
				DEBUG_INFORMATION_FORMAT = "dwarf-with-dsym";
				GCC_ENABLE_FIX_AND_CONTINUE = NO;
				OTHER_CFLAGS = "";
				OTHER_LDFLAGS = "";
				PRODUCT_NAME = SSELib.framework;
			};
			name = Release;
		};
/* End XCBuildConfiguration section */

/* Begin XCConfigurationList section */
		4D49CAA124499BEF004203EA /* Build configuration list for PBXProject "SSELib.framework 2" */ = {
			isa = XCConfigurationList;
			buildConfigurations = (
				4D49CA9F24499BEF004203EA /* Debug */,
				4D49CAA024499BEF004203EA /* Release */,
			);
			defaultConfigurationIsVisible = 0;
			defaultConfigurationName = Release;
		};
		4D49CAB224499BEF004203EA /* Build configuration list for PBXLegacyTarget "SSELib.framework" */ = {
			isa = XCConfigurationList;
			buildConfigurations = (
				4D49CAB324499BEF004203EA /* Debug */,
				4D49CAB424499BEF004203EA /* Release */,
			);
			defaultConfigurationIsVisible = 0;
			defaultConfigurationName = Release;
		};
/* End XCConfigurationList section */
	};
	rootObject = 4D49CA9E24499BEF004203EA /* Project object */;
}
